
Microsoft Visual Studio Solution File, Format Version 12.00
# Visual Studio Version 17
VisualStudioVersion = 17.6.33815.320
MinimumVisualStudioVersion = 10.0.40219.1
Project("{FAE04EC0-301F-11D3-BF4B-00C04F79EFBC}") = "reflection", "reflection\reflection.csproj", "{15E35ABC-D436-4D74-941F-F118722258CA}"
EndProject
Global
	GlobalSection(SolutionConfigurationPlatforms) = preSolution
		Debug|Any CPU = Debug|Any CPU
		Release|Any CPU = Release|Any CPU
	EndGlobalSection
	GlobalSection(ProjectConfigurationPlatforms) = postSolution
		{15E35ABC-D436-4D74-941F-F118722258CA}.Debug|Any CPU.ActiveCfg = Debug|Any CPU
		{15E35ABC-D436-4D74-941F-F118722258CA}.Debug|Any CPU.Build.0 = Debug|Any CPU
		{15E35ABC-D436-4D74-941F-F118722258CA}.Release|Any CPU.ActiveCfg = Release|Any CPU
		{15E35ABC-D436-4D74-941F-F118722258CA}.Release|Any CPU.Build.0 = Release|Any CPU
	EndGlobalSection
	GlobalSection(SolutionProperties) = preSolution
		HideSolutionNode = FALSE
	EndGlobalSection
	GlobalSection(ExtensibilityGlobals) = postSolution
		SolutionGuid = {04DC5F5E-CC22-49A9-9CE7-B0256C1B22C2}
	EndGlobalSection
EndGlobal
